
Microsoft Visual Studio Solution File, Format Version 12.00
# Visual Studio Version 17
VisualStudioVersion = 17.4.33213.308
MinimumVisualStudioVersion = 10.0.40219.1
Project("{FAE04EC0-301F-11D3-BF4B-00C04F79EFBC}") = "RecipeApp", "RecipeApp\RecipeApp.csproj", "{04F0A472-5E7D-49C6-9056-641D348542C0}"
EndProject
Global
	GlobalSection(SolutionConfigurationPlatforms) = preSolution
		Debug|Any CPU = Debug|Any CPU
		Release|Any CPU = Release|Any CPU
	EndGlobalSection
	GlobalSection(ProjectConfigurationPlatforms) = postSolution
		{04F0A472-5E7D-49C6-9056-641D348542C0}.Debug|Any CPU.ActiveCfg = Debug|Any CPU
		{04F0A472-5E7D-49C6-9056-641D348542C0}.Debug|Any CPU.Build.0 = Debug|Any CPU
		{04F0A472-5E7D-49C6-9056-641D348542C0}.Release|Any CPU.ActiveCfg = Release|Any CPU
		{04F0A472-5E7D-49C6-9056-641D348542C0}.Release|Any CPU.Build.0 = Release|Any CPU
	EndGlobalSection
	GlobalSection(SolutionProperties) = preSolution
		HideSolutionNode = FALSE
	EndGlobalSection
	GlobalSection(ExtensibilityGlobals) = postSolution
		SolutionGuid = {6988C1E4-AF3E-4C39-BA05-2D5260774D55}
	EndGlobalSection
EndGlobal
